
Microsoft Visual Studio Solution File, Format Version 12.00
# Visual Studio Version 17
VisualStudioVersion = 17.0.31912.275
MinimumVisualStudioVersion = 10.0.40219.1
Project("{FAE04EC0-301F-11D3-BF4B-00C04F79EFBC}") = "ZatcaQrcode", "ZatcaQrcode\ZatcaQrcode.csproj", "{B4CB8FEC-3A39-4938-90E4-C88C64B28B26}"
EndProject
Global
	GlobalSection(SolutionConfigurationPlatforms) = preSolution
		Debug|Any CPU = Debug|Any CPU
		Release|Any CPU = Release|Any CPU
	EndGlobalSection
	GlobalSection(ProjectConfigurationPlatforms) = postSolution
		{B4CB8FEC-3A39-4938-90E4-C88C64B28B26}.Debug|Any CPU.ActiveCfg = Debug|Any CPU
		{B4CB8FEC-3A39-4938-90E4-C88C64B28B26}.Debug|Any CPU.Build.0 = Debug|Any CPU
		{B4CB8FEC-3A39-4938-90E4-C88C64B28B26}.Release|Any CPU.ActiveCfg = Release|Any CPU
		{B4CB8FEC-3A39-4938-90E4-C88C64B28B26}.Release|Any CPU.Build.0 = Release|Any CPU
	EndGlobalSection
	GlobalSection(SolutionProperties) = preSolution
		HideSolutionNode = FALSE
	EndGlobalSection
	GlobalSection(ExtensibilityGlobals) = postSolution
		SolutionGuid = {B4DAD450-00EB-4097-8898-78DB3C9F1F39}
	EndGlobalSection
EndGlobal
